
Microsoft Visual Studio Solution File, Format Version 12.00
# Visual Studio 14
VisualStudioVersion = 14.0.25123.0
MinimumVisualStudioVersion = 10.0.40219.1
Project("{8BC9CEB8-8B4A-11D0-8D11-00A0C91BC942}") = "BinaryGenerator", "BinaryGenerator.vcxproj", "{08361722-5520-47AC-A0C2-31E8A062B73F}"
EndProject
Project("{2150E333-8FDC-42A3-9474-1A3956D46DE8}") = "Test", "Test", "{A5A32F74-B72B-4A57-8CDF-04C9FCCF5FDD}"
EndProject
Project("{8BC9CEB8-8B4A-11D0-8D11-00A0C91BC942}") = "TestGenCOFF", "Test\TestGenCOFF.vcxproj", "{0453A6D4-2184-415A-8BD5-9C6C90A533D7}"
EndProject
Project("{8BC9CEB8-8B4A-11D0-8D11-00A0C91BC942}") = "DebugDump", "DebugDump.vcxproj", "{215DCBDB-55FF-4B3E-A2BF-C9419939409F}"
EndProject
Project("{8BC9CEB8-8B4A-11D0-8D11-00A0C91BC942}") = "File2Obj", "File2Obj.vcxproj", "{17C94EA0-835C-4A9A-9A09-AECB8F44290C}"
EndProject
Project("{8BC9CEB8-8B4A-11D0-8D11-00A0C91BC942}") = "Foundation", "Foundation.vcxproj", "{29A8830B-B2E7-44BE-B162-5EF2F46F7939}"
EndProject
Global
	GlobalSection(SolutionConfigurationPlatforms) = preSolution
		Debug|x64 = Debug|x64
		Debug|x86 = Debug|x86
		MasterDLL|x64 = MasterDLL|x64
		MasterDLL|x86 = MasterDLL|x86
		MasterLib|x64 = MasterLib|x64
		MasterLib|x86 = MasterLib|x86
	EndGlobalSection
	GlobalSection(ProjectConfigurationPlatforms) = postSolution
		{08361722-5520-47AC-A0C2-31E8A062B73F}.Debug|x64.ActiveCfg = Debug|x64
		{08361722-5520-47AC-A0C2-31E8A062B73F}.Debug|x64.Build.0 = Debug|x64
		{08361722-5520-47AC-A0C2-31E8A062B73F}.Debug|x86.ActiveCfg = Debug|Win32
		{08361722-5520-47AC-A0C2-31E8A062B73F}.Debug|x86.Build.0 = Debug|Win32
		{08361722-5520-47AC-A0C2-31E8A062B73F}.MasterDLL|x64.ActiveCfg = MasterDLL|x64
		{08361722-5520-47AC-A0C2-31E8A062B73F}.MasterDLL|x64.Build.0 = MasterDLL|x64
		{08361722-5520-47AC-A0C2-31E8A062B73F}.MasterDLL|x86.ActiveCfg = MasterDLL|Win32
		{08361722-5520-47AC-A0C2-31E8A062B73F}.MasterDLL|x86.Build.0 = MasterDLL|Win32
		{08361722-5520-47AC-A0C2-31E8A062B73F}.MasterLib|x64.ActiveCfg = MasterLib|x64
		{08361722-5520-47AC-A0C2-31E8A062B73F}.MasterLib|x64.Build.0 = MasterLib|x64
		{08361722-5520-47AC-A0C2-31E8A062B73F}.MasterLib|x86.ActiveCfg = MasterLib|Win32
		{08361722-5520-47AC-A0C2-31E8A062B73F}.MasterLib|x86.Build.0 = MasterLib|Win32
		{0453A6D4-2184-415A-8BD5-9C6C90A533D7}.Debug|x64.ActiveCfg = Debug|x64
		{0453A6D4-2184-415A-8BD5-9C6C90A533D7}.Debug|x64.Build.0 = Debug|x64
		{0453A6D4-2184-415A-8BD5-9C6C90A533D7}.Debug|x86.ActiveCfg = Debug|Win32
		{0453A6D4-2184-415A-8BD5-9C6C90A533D7}.Debug|x86.Build.0 = Debug|Win32
		{0453A6D4-2184-415A-8BD5-9C6C90A533D7}.MasterDLL|x64.ActiveCfg = MasterDLL|x64
		{0453A6D4-2184-415A-8BD5-9C6C90A533D7}.MasterDLL|x64.Build.0 = MasterDLL|x64
		{0453A6D4-2184-415A-8BD5-9C6C90A533D7}.MasterDLL|x86.ActiveCfg = MasterDLL|Win32
		{0453A6D4-2184-415A-8BD5-9C6C90A533D7}.MasterDLL|x86.Build.0 = MasterDLL|Win32
		{0453A6D4-2184-415A-8BD5-9C6C90A533D7}.MasterLib|x64.ActiveCfg = MasterLib|x64
		{0453A6D4-2184-415A-8BD5-9C6C90A533D7}.MasterLib|x64.Build.0 = MasterLib|x64
		{0453A6D4-2184-415A-8BD5-9C6C90A533D7}.MasterLib|x86.ActiveCfg = MasterLib|Win32
		{0453A6D4-2184-415A-8BD5-9C6C90A533D7}.MasterLib|x86.Build.0 = MasterLib|Win32
		{215DCBDB-55FF-4B3E-A2BF-C9419939409F}.Debug|x64.ActiveCfg = Debug|x64
		{215DCBDB-55FF-4B3E-A2BF-C9419939409F}.Debug|x64.Build.0 = Debug|x64
		{215DCBDB-55FF-4B3E-A2BF-C9419939409F}.Debug|x86.ActiveCfg = Debug|Win32
		{215DCBDB-55FF-4B3E-A2BF-C9419939409F}.Debug|x86.Build.0 = Debug|Win32
		{215DCBDB-55FF-4B3E-A2BF-C9419939409F}.MasterDLL|x64.ActiveCfg = MasterDLL|x64
		{215DCBDB-55FF-4B3E-A2BF-C9419939409F}.MasterDLL|x64.Build.0 = MasterDLL|x64
		{215DCBDB-55FF-4B3E-A2BF-C9419939409F}.MasterDLL|x86.ActiveCfg = MasterDLL|Win32
		{215DCBDB-55FF-4B3E-A2BF-C9419939409F}.MasterDLL|x86.Build.0 = MasterDLL|Win32
		{215DCBDB-55FF-4B3E-A2BF-C9419939409F}.MasterLib|x64.ActiveCfg = MasterLib|x64
		{215DCBDB-55FF-4B3E-A2BF-C9419939409F}.MasterLib|x64.Build.0 = MasterLib|x64
		{215DCBDB-55FF-4B3E-A2BF-C9419939409F}.MasterLib|x86.ActiveCfg = MasterLib|Win32
		{215DCBDB-55FF-4B3E-A2BF-C9419939409F}.MasterLib|x86.Build.0 = MasterLib|Win32
		{17C94EA0-835C-4A9A-9A09-AECB8F44290C}.Debug|x64.ActiveCfg = Debug|x64
		{17C94EA0-835C-4A9A-9A09-AECB8F44290C}.Debug|x64.Build.0 = Debug|x64
		{17C94EA0-835C-4A9A-9A09-AECB8F44290C}.Debug|x86.ActiveCfg = Debug|Win32
		{17C94EA0-835C-4A9A-9A09-AECB8F44290C}.Debug|x86.Build.0 = Debug|Win32
		{17C94EA0-835C-4A9A-9A09-AECB8F44290C}.MasterDLL|x64.ActiveCfg = MasterDLL|x64
		{17C94EA0-835C-4A9A-9A09-AECB8F44290C}.MasterDLL|x64.Build.0 = MasterDLL|x64
		{17C94EA0-835C-4A9A-9A09-AECB8F44290C}.MasterDLL|x86.ActiveCfg = MasterDLL|Win32
		{17C94EA0-835C-4A9A-9A09-AECB8F44290C}.MasterDLL|x86.Build.0 = MasterDLL|Win32
		{17C94EA0-835C-4A9A-9A09-AECB8F44290C}.MasterLib|x64.ActiveCfg = MasterLib|x64
		{17C94EA0-835C-4A9A-9A09-AECB8F44290C}.MasterLib|x64.Build.0 = MasterLib|x64
		{17C94EA0-835C-4A9A-9A09-AECB8F44290C}.MasterLib|x86.ActiveCfg = MasterLib|Win32
		{17C94EA0-835C-4A9A-9A09-AECB8F44290C}.MasterLib|x86.Build.0 = MasterLib|Win32
		{29A8830B-B2E7-44BE-B162-5EF2F46F7939}.Debug|x64.ActiveCfg = Debug|x64
		{29A8830B-B2E7-44BE-B162-5EF2F46F7939}.Debug|x64.Build.0 = Debug|x64
		{29A8830B-B2E7-44BE-B162-5EF2F46F7939}.Debug|x86.ActiveCfg = Debug|Win32
		{29A8830B-B2E7-44BE-B162-5EF2F46F7939}.Debug|x86.Build.0 = Debug|Win32
		{29A8830B-B2E7-44BE-B162-5EF2F46F7939}.MasterDLL|x64.ActiveCfg = Master|x64
		{29A8830B-B2E7-44BE-B162-5EF2F46F7939}.MasterDLL|x64.Build.0 = Master|x64
		{29A8830B-B2E7-44BE-B162-5EF2F46F7939}.MasterDLL|x86.ActiveCfg = Master|Win32
		{29A8830B-B2E7-44BE-B162-5EF2F46F7939}.MasterDLL|x86.Build.0 = Master|Win32
		{29A8830B-B2E7-44BE-B162-5EF2F46F7939}.MasterLib|x64.ActiveCfg = Master|x64
		{29A8830B-B2E7-44BE-B162-5EF2F46F7939}.MasterLib|x64.Build.0 = Master|x64
		{29A8830B-B2E7-44BE-B162-5EF2F46F7939}.MasterLib|x86.ActiveCfg = Master|Win32
		{29A8830B-B2E7-44BE-B162-5EF2F46F7939}.MasterLib|x86.Build.0 = Master|Win32
	EndGlobalSection
	GlobalSection(SolutionProperties) = preSolution
		HideSolutionNode = FALSE
	EndGlobalSection
	GlobalSection(NestedProjects) = preSolution
		{0453A6D4-2184-415A-8BD5-9C6C90A533D7} = {A5A32F74-B72B-4A57-8CDF-04C9FCCF5FDD}
	EndGlobalSection
EndGlobal
