<?xml version="1.0" encoding="utf-8"?>
<Project ToolsVersion="4.0" xmlns="http://schemas.microsoft.com/developer/msbuild/2003">
  <ItemGroup>
    <Filter Include="DebugDump">
      <UniqueIdentifier>{938044ae-5d17-44a5-b1a4-b67ec9f1fd01}</UniqueIdentifier>
    </Filter>
  </ItemGroup>
  <ItemGroup>
    <ClInclude Include="DebugDump\pch.h">
      <Filter>DebugDump</Filter>
    </ClInclude>
    <ClInclude Include="DebugDump\DebugDump.h">
      <Filter>DebugDump</Filter>
    </ClInclude>
  </ItemGroup>
  <ItemGroup>
    <ClCompile Include="DebugDump\DebugDump.cpp">
      <Filter>DebugDump</Filter>
    </ClCompile>
    <ClCompile Include="DebugDump\pch.cpp">
      <Filter>DebugDump</Filter>
    </ClCompile>
    <ClCompile Include="DebugDump\ddWindows.cpp">
      <Filter>DebugDump</Filter>
    </ClCompile>
    <ClCompile Include="DebugDump\ddMakeObj.cpp">
      <Filter>DebugDump</Filter>
    </ClCompile>
  </ItemGroup>
</Project>