<?xml version="1.0" encoding="utf-8"?>
<Project ToolsVersion="4.0" xmlns="http://schemas.microsoft.com/developer/msbuild/2003">
  <ItemGroup>
    <Filter Include="Foundation">
      <UniqueIdentifier>{3e3b3cbb-7e19-4d72-be0b-a8015e02a247}</UniqueIdentifier>
    </Filter>
  </ItemGroup>
  <ItemGroup>
    <ClCompile Include="Foundation\Foundation.cpp">
      <Filter>Foundation</Filter>
    </ClCompile>
    <ClCompile Include="Foundation\pch.cpp">
      <Filter>Foundation</Filter>
    </ClCompile>
  </ItemGroup>
  <ItemGroup>
    <ClInclude Include="Foundation\Foundation.h">
      <Filter>Foundation</Filter>
    </ClInclude>
    <ClInclude Include="Foundation\pch.h">
      <Filter>Foundation</Filter>
    </ClInclude>
  </ItemGroup>
</Project>